
Microsoft Visual Studio Solution File, Format Version 12.00
# Visual Studio Version 17
VisualStudioVersion = 17.4.33110.190
MinimumVisualStudioVersion = 10.0.40219.1
Project("{2150E333-8FDC-42A3-9474-1A3956D46DE8}") = "Src", "Src", "{968FA5D3-F164-4D29-A7B9-7FB134B8FB71}"
EndProject
Project("{2150E333-8FDC-42A3-9474-1A3956D46DE8}") = "Clients", "Clients", "{2DE0DCC4-DA62-4FC2-A237-82002BB76755}"
EndProject
Project("{2150E333-8FDC-42A3-9474-1A3956D46DE8}") = "Server", "Server", "{1C902497-EE20-4A86-B694-82683374C880}"
EndProject
Project("{2150E333-8FDC-42A3-9474-1A3956D46DE8}") = "Common", "Common", "{6BA0AE32-E7CF-4265-9C3F-16BF299354FD}"
EndProject
Project("{2150E333-8FDC-42A3-9474-1A3956D46DE8}") = "Core", "Core", "{344B8D6A-7D59-419A-8251-7145005C2156}"
EndProject
Project("{2150E333-8FDC-42A3-9474-1A3956D46DE8}") = "Presentation", "Presentation", "{4AAB91F3-1DDB-4AC8-BC0C-88C959A1BDAB}"
EndProject
Project("{2150E333-8FDC-42A3-9474-1A3956D46DE8}") = "Infrastructure", "Infrastructure", "{2A2068E6-2D9B-4EBA-A02A-1FCABC549A56}"
EndProject
Project("{9A19103F-16F7-4668-BE54-9A1E7A4F7556}") = "Domain", "Domain\Domain.csproj", "{D4D28132-A8DA-4B26-87C2-306493804DF0}"
EndProject
Project("{9A19103F-16F7-4668-BE54-9A1E7A4F7556}") = "Application", "Application\Application.csproj", "{40FF0E32-C1E9-4964-AD24-F1D7A3DBD770}"
EndProject
Project("{9A19103F-16F7-4668-BE54-9A1E7A4F7556}") = "Persistence", "Persistence\Persistence.csproj", "{BA44CBB5-062A-40E9-94A3-3A1F5720A486}"
EndProject
Project("{9A19103F-16F7-4668-BE54-9A1E7A4F7556}") = "WebAPI", "WebAPI\WebAPI.csproj", "{F2A98D66-6893-42E0-9BF1-47DB7FDDAB11}"
EndProject
Project("{9A19103F-16F7-4668-BE54-9A1E7A4F7556}") = "Shared", "Shared\Shared.csproj", "{C408F210-A959-4CE0-A7A6-00186CD987A1}"
EndProject
Project("{9A19103F-16F7-4668-BE54-9A1E7A4F7556}") = "Manage.ClientMAUI", "Manage.ClientMAUI\Manage.ClientMAUI.csproj", "{75CE6FC3-C9B7-4469-A6F2-673C75D326A5}"
EndProject
Project("{9A19103F-16F7-4668-BE54-9A1E7A4F7556}") = "Guard.ClientMAUI", "Guard.ClientMAUI\Guard.ClientMAUI.csproj", "{6B087FC7-5A1A-4227-B883-E3D08AB7346C}"
EndProject
Project("{9A19103F-16F7-4668-BE54-9A1E7A4F7556}") = "ClientLib", "ClientLib\ClientLib.csproj", "{B921AF65-C5F4-477D-A329-AEE30BEDADE0}"
EndProject
Project("{2150E333-8FDC-42A3-9474-1A3956D46DE8}") = "Tests", "Tests", "{DD89A561-392D-447B-A971-74E39520241C}"
EndProject
Project("{2150E333-8FDC-42A3-9474-1A3956D46DE8}") = "Solution Items", "Solution Items", "{22EEA512-8BD1-40E5-901F-F0FE5E484309}"
	ProjectSection(SolutionItems) = preProject
		migration.bat = migration.bat
	EndProjectSection
EndProject
Global
	GlobalSection(SolutionConfigurationPlatforms) = preSolution
		Debug|Any CPU = Debug|Any CPU
		Release|Any CPU = Release|Any CPU
	EndGlobalSection
	GlobalSection(ProjectConfigurationPlatforms) = postSolution
		{D4D28132-A8DA-4B26-87C2-306493804DF0}.Debug|Any CPU.ActiveCfg = Debug|Any CPU
		{D4D28132-A8DA-4B26-87C2-306493804DF0}.Debug|Any CPU.Build.0 = Debug|Any CPU
		{D4D28132-A8DA-4B26-87C2-306493804DF0}.Release|Any CPU.ActiveCfg = Release|Any CPU
		{D4D28132-A8DA-4B26-87C2-306493804DF0}.Release|Any CPU.Build.0 = Release|Any CPU
		{40FF0E32-C1E9-4964-AD24-F1D7A3DBD770}.Debug|Any CPU.ActiveCfg = Debug|Any CPU
		{40FF0E32-C1E9-4964-AD24-F1D7A3DBD770}.Debug|Any CPU.Build.0 = Debug|Any CPU
		{40FF0E32-C1E9-4964-AD24-F1D7A3DBD770}.Release|Any CPU.ActiveCfg = Release|Any CPU
		{40FF0E32-C1E9-4964-AD24-F1D7A3DBD770}.Release|Any CPU.Build.0 = Release|Any CPU
		{BA44CBB5-062A-40E9-94A3-3A1F5720A486}.Debug|Any CPU.ActiveCfg = Debug|Any CPU
		{BA44CBB5-062A-40E9-94A3-3A1F5720A486}.Debug|Any CPU.Build.0 = Debug|Any CPU
		{BA44CBB5-062A-40E9-94A3-3A1F5720A486}.Release|Any CPU.ActiveCfg = Release|Any CPU
		{BA44CBB5-062A-40E9-94A3-3A1F5720A486}.Release|Any CPU.Build.0 = Release|Any CPU
		{F2A98D66-6893-42E0-9BF1-47DB7FDDAB11}.Debug|Any CPU.ActiveCfg = Debug|Any CPU
		{F2A98D66-6893-42E0-9BF1-47DB7FDDAB11}.Debug|Any CPU.Build.0 = Debug|Any CPU
		{F2A98D66-6893-42E0-9BF1-47DB7FDDAB11}.Release|Any CPU.ActiveCfg = Release|Any CPU
		{F2A98D66-6893-42E0-9BF1-47DB7FDDAB11}.Release|Any CPU.Build.0 = Release|Any CPU
		{C408F210-A959-4CE0-A7A6-00186CD987A1}.Debug|Any CPU.ActiveCfg = Debug|Any CPU
		{C408F210-A959-4CE0-A7A6-00186CD987A1}.Debug|Any CPU.Build.0 = Debug|Any CPU
		{C408F210-A959-4CE0-A7A6-00186CD987A1}.Release|Any CPU.ActiveCfg = Release|Any CPU
		{C408F210-A959-4CE0-A7A6-00186CD987A1}.Release|Any CPU.Build.0 = Release|Any CPU
		{75CE6FC3-C9B7-4469-A6F2-673C75D326A5}.Debug|Any CPU.ActiveCfg = Debug|Any CPU
		{75CE6FC3-C9B7-4469-A6F2-673C75D326A5}.Debug|Any CPU.Build.0 = Debug|Any CPU
		{75CE6FC3-C9B7-4469-A6F2-673C75D326A5}.Debug|Any CPU.Deploy.0 = Debug|Any CPU
		{75CE6FC3-C9B7-4469-A6F2-673C75D326A5}.Release|Any CPU.ActiveCfg = Release|Any CPU
		{75CE6FC3-C9B7-4469-A6F2-673C75D326A5}.Release|Any CPU.Build.0 = Release|Any CPU
		{75CE6FC3-C9B7-4469-A6F2-673C75D326A5}.Release|Any CPU.Deploy.0 = Release|Any CPU
		{6B087FC7-5A1A-4227-B883-E3D08AB7346C}.Debug|Any CPU.ActiveCfg = Debug|Any CPU
		{6B087FC7-5A1A-4227-B883-E3D08AB7346C}.Debug|Any CPU.Build.0 = Debug|Any CPU
		{6B087FC7-5A1A-4227-B883-E3D08AB7346C}.Debug|Any CPU.Deploy.0 = Debug|Any CPU
		{6B087FC7-5A1A-4227-B883-E3D08AB7346C}.Release|Any CPU.ActiveCfg = Release|Any CPU
		{6B087FC7-5A1A-4227-B883-E3D08AB7346C}.Release|Any CPU.Build.0 = Release|Any CPU
		{6B087FC7-5A1A-4227-B883-E3D08AB7346C}.Release|Any CPU.Deploy.0 = Release|Any CPU
		{B921AF65-C5F4-477D-A329-AEE30BEDADE0}.Debug|Any CPU.ActiveCfg = Debug|Any CPU
		{B921AF65-C5F4-477D-A329-AEE30BEDADE0}.Debug|Any CPU.Build.0 = Debug|Any CPU
		{B921AF65-C5F4-477D-A329-AEE30BEDADE0}.Release|Any CPU.ActiveCfg = Release|Any CPU
		{B921AF65-C5F4-477D-A329-AEE30BEDADE0}.Release|Any CPU.Build.0 = Release|Any CPU
	EndGlobalSection
	GlobalSection(SolutionProperties) = preSolution
		HideSolutionNode = FALSE
	EndGlobalSection
	GlobalSection(NestedProjects) = preSolution
		{2DE0DCC4-DA62-4FC2-A237-82002BB76755} = {968FA5D3-F164-4D29-A7B9-7FB134B8FB71}
		{1C902497-EE20-4A86-B694-82683374C880} = {968FA5D3-F164-4D29-A7B9-7FB134B8FB71}
		{6BA0AE32-E7CF-4265-9C3F-16BF299354FD} = {968FA5D3-F164-4D29-A7B9-7FB134B8FB71}
		{344B8D6A-7D59-419A-8251-7145005C2156} = {1C902497-EE20-4A86-B694-82683374C880}
		{4AAB91F3-1DDB-4AC8-BC0C-88C959A1BDAB} = {1C902497-EE20-4A86-B694-82683374C880}
		{2A2068E6-2D9B-4EBA-A02A-1FCABC549A56} = {1C902497-EE20-4A86-B694-82683374C880}
		{D4D28132-A8DA-4B26-87C2-306493804DF0} = {344B8D6A-7D59-419A-8251-7145005C2156}
		{40FF0E32-C1E9-4964-AD24-F1D7A3DBD770} = {344B8D6A-7D59-419A-8251-7145005C2156}
		{BA44CBB5-062A-40E9-94A3-3A1F5720A486} = {2A2068E6-2D9B-4EBA-A02A-1FCABC549A56}
		{F2A98D66-6893-42E0-9BF1-47DB7FDDAB11} = {4AAB91F3-1DDB-4AC8-BC0C-88C959A1BDAB}
		{C408F210-A959-4CE0-A7A6-00186CD987A1} = {6BA0AE32-E7CF-4265-9C3F-16BF299354FD}
		{75CE6FC3-C9B7-4469-A6F2-673C75D326A5} = {2DE0DCC4-DA62-4FC2-A237-82002BB76755}
		{6B087FC7-5A1A-4227-B883-E3D08AB7346C} = {2DE0DCC4-DA62-4FC2-A237-82002BB76755}
		{B921AF65-C5F4-477D-A329-AEE30BEDADE0} = {2DE0DCC4-DA62-4FC2-A237-82002BB76755}
		{DD89A561-392D-447B-A971-74E39520241C} = {968FA5D3-F164-4D29-A7B9-7FB134B8FB71}
	EndGlobalSection
	GlobalSection(ExtensibilityGlobals) = postSolution
		SolutionGuid = {D2EC6FF1-DE85-4888-82FC-8B4128476B6A}
	EndGlobalSection
EndGlobal
